
Microsoft Visual Studio Solution File, Format Version 12.00
# Visual Studio Version 17
VisualStudioVersion = 17.13.35818.85 d17.13
MinimumVisualStudioVersion = 10.0.40219.1
Project("{FAE04EC0-301F-11D3-BF4B-00C04F79EFBC}") = "OdOrEvenNumber", "OdOrEvenNumber.csproj", "{0BB7B523-F6D7-4352-ADB2-7553A2FC3C10}"
EndProject
Global
	GlobalSection(SolutionConfigurationPlatforms) = preSolution
		Debug|Any CPU = Debug|Any CPU
		Release|Any CPU = Release|Any CPU
	EndGlobalSection
	GlobalSection(ProjectConfigurationPlatforms) = postSolution
		{0BB7B523-F6D7-4352-ADB2-7553A2FC3C10}.Debug|Any CPU.ActiveCfg = Debug|Any CPU
		{0BB7B523-F6D7-4352-ADB2-7553A2FC3C10}.Debug|Any CPU.Build.0 = Debug|Any CPU
		{0BB7B523-F6D7-4352-ADB2-7553A2FC3C10}.Release|Any CPU.ActiveCfg = Release|Any CPU
		{0BB7B523-F6D7-4352-ADB2-7553A2FC3C10}.Release|Any CPU.Build.0 = Release|Any CPU
	EndGlobalSection
	GlobalSection(SolutionProperties) = preSolution
		HideSolutionNode = FALSE
	EndGlobalSection
	GlobalSection(ExtensibilityGlobals) = postSolution
		SolutionGuid = {4896CE4A-7C54-4E1D-B835-AD803AAC5BCA}
	EndGlobalSection
EndGlobal
